
Microsoft Visual Studio Solution File, Format Version 12.00
# Visual Studio Version 17
VisualStudioVersion = 17.0.32014.148
MinimumVisualStudioVersion = 10.0.40219.1
Project("{FAE04EC0-301F-11D3-BF4B-00C04F79EFBC}") = "GitTestApp2", "GitTestApp2\GitTestApp2.csproj", "{A2DDD1ED-F963-4F09-B6E1-A829F6E63231}"
EndProject
Global
	GlobalSection(SolutionConfigurationPlatforms) = preSolution
		Debug|Any CPU = Debug|Any CPU
		Release|Any CPU = Release|Any CPU
	EndGlobalSection
	GlobalSection(ProjectConfigurationPlatforms) = postSolution
		{A2DDD1ED-F963-4F09-B6E1-A829F6E63231}.Debug|Any CPU.ActiveCfg = Debug|Any CPU
		{A2DDD1ED-F963-4F09-B6E1-A829F6E63231}.Debug|Any CPU.Build.0 = Debug|Any CPU
		{A2DDD1ED-F963-4F09-B6E1-A829F6E63231}.Release|Any CPU.ActiveCfg = Release|Any CPU
		{A2DDD1ED-F963-4F09-B6E1-A829F6E63231}.Release|Any CPU.Build.0 = Release|Any CPU
	EndGlobalSection
	GlobalSection(SolutionProperties) = preSolution
		HideSolutionNode = FALSE
	EndGlobalSection
	GlobalSection(ExtensibilityGlobals) = postSolution
		SolutionGuid = {A3E1FF01-00E6-42E6-8F9D-137E40EE95CF}
	EndGlobalSection
EndGlobal
